
Microsoft Visual Studio Solution File, Format Version 12.00
# Visual Studio 15
VisualStudioVersion = 15.0.28307.1231
MinimumVisualStudioVersion = 10.0.40219.1
Project("{FAE04EC0-301F-11D3-BF4B-00C04F79EFBC}") = "TestForJob", "TestForJob\TestForJob.csproj", "{6F0145FF-15DF-4907-A9ED-D28F7D36696E}"
EndProject
Project("{FAE04EC0-301F-11D3-BF4B-00C04F79EFBC}") = "TestForJob.Tests", "TestForJob.Tests\TestForJob.Tests.csproj", "{2D50B098-C292-4EAA-9262-3E588D1C75E8}"
EndProject
Global
	GlobalSection(SolutionConfigurationPlatforms) = preSolution
		Debug|Any CPU = Debug|Any CPU
		Release|Any CPU = Release|Any CPU
	EndGlobalSection
	GlobalSection(ProjectConfigurationPlatforms) = postSolution
		{6F0145FF-15DF-4907-A9ED-D28F7D36696E}.Debug|Any CPU.ActiveCfg = Debug|Any CPU
		{6F0145FF-15DF-4907-A9ED-D28F7D36696E}.Debug|Any CPU.Build.0 = Debug|Any CPU
		{6F0145FF-15DF-4907-A9ED-D28F7D36696E}.Release|Any CPU.ActiveCfg = Release|Any CPU
		{6F0145FF-15DF-4907-A9ED-D28F7D36696E}.Release|Any CPU.Build.0 = Release|Any CPU
		{2D50B098-C292-4EAA-9262-3E588D1C75E8}.Debug|Any CPU.ActiveCfg = Debug|Any CPU
		{2D50B098-C292-4EAA-9262-3E588D1C75E8}.Debug|Any CPU.Build.0 = Debug|Any CPU
		{2D50B098-C292-4EAA-9262-3E588D1C75E8}.Release|Any CPU.ActiveCfg = Release|Any CPU
		{2D50B098-C292-4EAA-9262-3E588D1C75E8}.Release|Any CPU.Build.0 = Release|Any CPU
	EndGlobalSection
	GlobalSection(SolutionProperties) = preSolution
		HideSolutionNode = FALSE
	EndGlobalSection
	GlobalSection(ExtensibilityGlobals) = postSolution
		SolutionGuid = {906AF606-6C37-45E3-B933-98734F9AEDF6}
	EndGlobalSection
EndGlobal
